
Microsoft Visual Studio Solution File, Format Version 12.00
# Visual Studio Version 17
VisualStudioVersion = 17.14.35906.104
MinimumVisualStudioVersion = 10.0.40219.1
Project("{FAE04EC0-301F-11D3-BF4B-00C04F79EFBC}") = "OTAPI.UnifiedServerProcess", "OTAPI.UnifiedServerProcess\OTAPI.UnifiedServerProcess.csproj", "{A11AEC65-2A5E-4A93-9D55-93BCD935D7E3}"
EndProject
Project("{FAE04EC0-301F-11D3-BF4B-00C04F79EFBC}") = "OTAPI.UnifiedServerProcess.Test", "OTAPI.UnifiedServerProcess.Test\OTAPI.UnifiedServerProcess.Test.csproj", "{88829850-A06A-407E-ADA3-A6AA7451A225}"
EndProject
Project("{FAE04EC0-301F-11D3-BF4B-00C04F79EFBC}") = "OTAPI.UnifiedServerProcess.GlobalNetwork", "OTAPI.UnifiedServerProcess.GlobalNetwork\OTAPI.UnifiedServerProcess.GlobalNetwork.csproj", "{31DDC61F-815F-4D7E-80AD-40E8F9B2006D}"
EndProject
Project("{FAE04EC0-301F-11D3-BF4B-00C04F79EFBC}") = "OTAPI.UnifiedServerProcess.ConsoleClient", "OTAPI.UnifiedServerProcess.ConsoleClient\OTAPI.UnifiedServerProcess.ConsoleClient.csproj", "{5BFD176F-57B3-711D-14AE-097425D79738}"
EndProject
Project("{D954291E-2A0B-460D-934E-DC6B0785DB48}") = "TrProtocol.Shared", "TrProtocol.Shared\TrProtocol.Shared.shproj", "{768417B4-D342-4006-B196-5F7178582209}"
EndProject
Project("{FAE04EC0-301F-11D3-BF4B-00C04F79EFBC}") = "TrProtocol.SerializerGenerator", "TrProtocol.SerializerGenerator\TrProtocol.SerializerGenerator.csproj", "{B49F3FA4-BBFC-934D-D703-7FEE77507D30}"
EndProject
Project("{FAE04EC0-301F-11D3-BF4B-00C04F79EFBC}") = "TrProtocol", "TrProtocol\TrProtocol.csproj", "{F252FFD8-5DE7-DAA8-BA3D-341C543C73EE}"
EndProject
Project("{2150E333-8FDC-42A3-9474-1A3956D46DE8}") = "解决方案项", "解决方案项", "{9FA3D6BD-1EC1-3BA5-80CB-CE02773A58D5}"
	ProjectSection(SolutionItems) = preProject
		Directory.Build.props = Directory.Build.props
	EndProjectSection
EndProject
Project("{2150E333-8FDC-42A3-9474-1A3956D46DE8}") = "docs", "docs", "{02EA681E-C7D8-13C7-8484-4AC65E1B71E8}"
	ProjectSection(SolutionItems) = preProject
		..\docs\OTAPI.USP.md = ..\docs\OTAPI.USP.md
		..\docs\OTAPI.USP.nuspec = ..\docs\OTAPI.USP.nuspec
	EndProjectSection
EndProject
Project("{FAE04EC0-301F-11D3-BF4B-00C04F79EFBC}") = "OTAPI.UnifiedServerProcess.UnitTests", "OTAPI.UnifiedServerProcess.UnitTests\OTAPI.UnifiedServerProcess.UnitTests.csproj", "{E32112B8-5692-45BD-A80C-E91D73BB59E1}"
EndProject
Global
	GlobalSection(SolutionConfigurationPlatforms) = preSolution
		Debug|Any CPU = Debug|Any CPU
		Debug|x64 = Debug|x64
		Debug|x86 = Debug|x86
		Release|Any CPU = Release|Any CPU
		Release|x64 = Release|x64
		Release|x86 = Release|x86
	EndGlobalSection
	GlobalSection(ProjectConfigurationPlatforms) = postSolution
		{A11AEC65-2A5E-4A93-9D55-93BCD935D7E3}.Debug|Any CPU.ActiveCfg = Debug|Any CPU
		{A11AEC65-2A5E-4A93-9D55-93BCD935D7E3}.Debug|Any CPU.Build.0 = Debug|Any CPU
		{A11AEC65-2A5E-4A93-9D55-93BCD935D7E3}.Debug|x64.ActiveCfg = Debug|Any CPU
		{A11AEC65-2A5E-4A93-9D55-93BCD935D7E3}.Debug|x64.Build.0 = Debug|Any CPU
		{A11AEC65-2A5E-4A93-9D55-93BCD935D7E3}.Debug|x86.ActiveCfg = Debug|Any CPU
		{A11AEC65-2A5E-4A93-9D55-93BCD935D7E3}.Debug|x86.Build.0 = Debug|Any CPU
		{A11AEC65-2A5E-4A93-9D55-93BCD935D7E3}.Release|Any CPU.ActiveCfg = Release|Any CPU
		{A11AEC65-2A5E-4A93-9D55-93BCD935D7E3}.Release|Any CPU.Build.0 = Release|Any CPU
		{A11AEC65-2A5E-4A93-9D55-93BCD935D7E3}.Release|x64.ActiveCfg = Release|Any CPU
		{A11AEC65-2A5E-4A93-9D55-93BCD935D7E3}.Release|x64.Build.0 = Release|Any CPU
		{A11AEC65-2A5E-4A93-9D55-93BCD935D7E3}.Release|x86.ActiveCfg = Release|Any CPU
		{A11AEC65-2A5E-4A93-9D55-93BCD935D7E3}.Release|x86.Build.0 = Release|Any CPU
		{88829850-A06A-407E-ADA3-A6AA7451A225}.Debug|Any CPU.ActiveCfg = Debug|Any CPU
		{88829850-A06A-407E-ADA3-A6AA7451A225}.Debug|Any CPU.Build.0 = Debug|Any CPU
		{88829850-A06A-407E-ADA3-A6AA7451A225}.Debug|x64.ActiveCfg = Debug|Any CPU
		{88829850-A06A-407E-ADA3-A6AA7451A225}.Debug|x64.Build.0 = Debug|Any CPU
		{88829850-A06A-407E-ADA3-A6AA7451A225}.Debug|x86.ActiveCfg = Debug|Any CPU
		{88829850-A06A-407E-ADA3-A6AA7451A225}.Debug|x86.Build.0 = Debug|Any CPU
		{88829850-A06A-407E-ADA3-A6AA7451A225}.Release|Any CPU.ActiveCfg = Release|Any CPU
		{88829850-A06A-407E-ADA3-A6AA7451A225}.Release|Any CPU.Build.0 = Release|Any CPU
		{88829850-A06A-407E-ADA3-A6AA7451A225}.Release|x64.ActiveCfg = Release|Any CPU
		{88829850-A06A-407E-ADA3-A6AA7451A225}.Release|x64.Build.0 = Release|Any CPU
		{88829850-A06A-407E-ADA3-A6AA7451A225}.Release|x86.ActiveCfg = Release|Any CPU
		{88829850-A06A-407E-ADA3-A6AA7451A225}.Release|x86.Build.0 = Release|Any CPU
		{31DDC61F-815F-4D7E-80AD-40E8F9B2006D}.Debug|Any CPU.ActiveCfg = Debug|Any CPU
		{31DDC61F-815F-4D7E-80AD-40E8F9B2006D}.Debug|Any CPU.Build.0 = Debug|Any CPU
		{31DDC61F-815F-4D7E-80AD-40E8F9B2006D}.Debug|x64.ActiveCfg = Debug|Any CPU
		{31DDC61F-815F-4D7E-80AD-40E8F9B2006D}.Debug|x64.Build.0 = Debug|Any CPU
		{31DDC61F-815F-4D7E-80AD-40E8F9B2006D}.Debug|x86.ActiveCfg = Debug|Any CPU
		{31DDC61F-815F-4D7E-80AD-40E8F9B2006D}.Debug|x86.Build.0 = Debug|Any CPU
		{31DDC61F-815F-4D7E-80AD-40E8F9B2006D}.Release|Any CPU.ActiveCfg = Release|Any CPU
		{31DDC61F-815F-4D7E-80AD-40E8F9B2006D}.Release|Any CPU.Build.0 = Release|Any CPU
		{31DDC61F-815F-4D7E-80AD-40E8F9B2006D}.Release|x64.ActiveCfg = Release|Any CPU
		{31DDC61F-815F-4D7E-80AD-40E8F9B2006D}.Release|x64.Build.0 = Release|Any CPU
		{31DDC61F-815F-4D7E-80AD-40E8F9B2006D}.Release|x86.ActiveCfg = Release|Any CPU
		{31DDC61F-815F-4D7E-80AD-40E8F9B2006D}.Release|x86.Build.0 = Release|Any CPU
		{5BFD176F-57B3-711D-14AE-097425D79738}.Debug|Any CPU.ActiveCfg = Debug|Any CPU
		{5BFD176F-57B3-711D-14AE-097425D79738}.Debug|Any CPU.Build.0 = Debug|Any CPU
		{5BFD176F-57B3-711D-14AE-097425D79738}.Debug|x64.ActiveCfg = Debug|Any CPU
		{5BFD176F-57B3-711D-14AE-097425D79738}.Debug|x64.Build.0 = Debug|Any CPU
		{5BFD176F-57B3-711D-14AE-097425D79738}.Debug|x86.ActiveCfg = Debug|Any CPU
		{5BFD176F-57B3-711D-14AE-097425D79738}.Debug|x86.Build.0 = Debug|Any CPU
		{5BFD176F-57B3-711D-14AE-097425D79738}.Release|Any CPU.ActiveCfg = Release|Any CPU
		{5BFD176F-57B3-711D-14AE-097425D79738}.Release|Any CPU.Build.0 = Release|Any CPU
		{5BFD176F-57B3-711D-14AE-097425D79738}.Release|x64.ActiveCfg = Release|Any CPU
		{5BFD176F-57B3-711D-14AE-097425D79738}.Release|x64.Build.0 = Release|Any CPU
		{5BFD176F-57B3-711D-14AE-097425D79738}.Release|x86.ActiveCfg = Release|Any CPU
		{5BFD176F-57B3-711D-14AE-097425D79738}.Release|x86.Build.0 = Release|Any CPU
		{B49F3FA4-BBFC-934D-D703-7FEE77507D30}.Debug|Any CPU.ActiveCfg = Debug|Any CPU
		{B49F3FA4-BBFC-934D-D703-7FEE77507D30}.Debug|Any CPU.Build.0 = Debug|Any CPU
		{B49F3FA4-BBFC-934D-D703-7FEE77507D30}.Debug|x64.ActiveCfg = Debug|Any CPU
		{B49F3FA4-BBFC-934D-D703-7FEE77507D30}.Debug|x64.Build.0 = Debug|Any CPU
		{B49F3FA4-BBFC-934D-D703-7FEE77507D30}.Debug|x86.ActiveCfg = Debug|Any CPU
		{B49F3FA4-BBFC-934D-D703-7FEE77507D30}.Debug|x86.Build.0 = Debug|Any CPU
		{B49F3FA4-BBFC-934D-D703-7FEE77507D30}.Release|Any CPU.ActiveCfg = Release|Any CPU
		{B49F3FA4-BBFC-934D-D703-7FEE77507D30}.Release|Any CPU.Build.0 = Release|Any CPU
		{B49F3FA4-BBFC-934D-D703-7FEE77507D30}.Release|x64.ActiveCfg = Release|Any CPU
		{B49F3FA4-BBFC-934D-D703-7FEE77507D30}.Release|x64.Build.0 = Release|Any CPU
		{B49F3FA4-BBFC-934D-D703-7FEE77507D30}.Release|x86.ActiveCfg = Release|Any CPU
		{B49F3FA4-BBFC-934D-D703-7FEE77507D30}.Release|x86.Build.0 = Release|Any CPU
		{F252FFD8-5DE7-DAA8-BA3D-341C543C73EE}.Debug|Any CPU.ActiveCfg = Debug|Any CPU
		{F252FFD8-5DE7-DAA8-BA3D-341C543C73EE}.Debug|Any CPU.Build.0 = Debug|Any CPU
		{F252FFD8-5DE7-DAA8-BA3D-341C543C73EE}.Debug|x64.ActiveCfg = Debug|Any CPU
		{F252FFD8-5DE7-DAA8-BA3D-341C543C73EE}.Debug|x64.Build.0 = Debug|Any CPU
		{F252FFD8-5DE7-DAA8-BA3D-341C543C73EE}.Debug|x86.ActiveCfg = Debug|Any CPU
		{F252FFD8-5DE7-DAA8-BA3D-341C543C73EE}.Debug|x86.Build.0 = Debug|Any CPU
		{F252FFD8-5DE7-DAA8-BA3D-341C543C73EE}.Release|Any CPU.ActiveCfg = Release|Any CPU
		{F252FFD8-5DE7-DAA8-BA3D-341C543C73EE}.Release|Any CPU.Build.0 = Release|Any CPU
		{F252FFD8-5DE7-DAA8-BA3D-341C543C73EE}.Release|x64.ActiveCfg = Release|Any CPU
		{F252FFD8-5DE7-DAA8-BA3D-341C543C73EE}.Release|x64.Build.0 = Release|Any CPU
		{F252FFD8-5DE7-DAA8-BA3D-341C543C73EE}.Release|x86.ActiveCfg = Release|Any CPU
		{F252FFD8-5DE7-DAA8-BA3D-341C543C73EE}.Release|x86.Build.0 = Release|Any CPU
		{E32112B8-5692-45BD-A80C-E91D73BB59E1}.Debug|Any CPU.ActiveCfg = Debug|Any CPU
		{E32112B8-5692-45BD-A80C-E91D73BB59E1}.Debug|Any CPU.Build.0 = Debug|Any CPU
		{E32112B8-5692-45BD-A80C-E91D73BB59E1}.Debug|x64.ActiveCfg = Debug|Any CPU
		{E32112B8-5692-45BD-A80C-E91D73BB59E1}.Debug|x64.Build.0 = Debug|Any CPU
		{E32112B8-5692-45BD-A80C-E91D73BB59E1}.Debug|x86.ActiveCfg = Debug|Any CPU
		{E32112B8-5692-45BD-A80C-E91D73BB59E1}.Debug|x86.Build.0 = Debug|Any CPU
		{E32112B8-5692-45BD-A80C-E91D73BB59E1}.Release|Any CPU.ActiveCfg = Release|Any CPU
		{E32112B8-5692-45BD-A80C-E91D73BB59E1}.Release|Any CPU.Build.0 = Release|Any CPU
		{E32112B8-5692-45BD-A80C-E91D73BB59E1}.Release|x64.ActiveCfg = Release|Any CPU
		{E32112B8-5692-45BD-A80C-E91D73BB59E1}.Release|x64.Build.0 = Release|Any CPU
		{E32112B8-5692-45BD-A80C-E91D73BB59E1}.Release|x86.ActiveCfg = Release|Any CPU
		{E32112B8-5692-45BD-A80C-E91D73BB59E1}.Release|x86.Build.0 = Release|Any CPU
	EndGlobalSection
	GlobalSection(SolutionProperties) = preSolution
		HideSolutionNode = FALSE
	EndGlobalSection
	GlobalSection(NestedProjects) = preSolution
		{02EA681E-C7D8-13C7-8484-4AC65E1B71E8} = {9FA3D6BD-1EC1-3BA5-80CB-CE02773A58D5}
	EndGlobalSection
	GlobalSection(ExtensibilityGlobals) = postSolution
		SolutionGuid = {A7CFB05D-AB46-4256-92A6-C8723719BBD5}
	EndGlobalSection
	GlobalSection(SharedMSBuildProjectFiles) = preSolution
		TrProtocol.Shared\TrProtocol.Shared.projitems*{768417b4-d342-4006-b196-5f7178582209}*SharedItemsImports = 13
		TrProtocol.Shared\TrProtocol.Shared.projitems*{b49f3fa4-bbfc-934d-d703-7fee77507d30}*SharedItemsImports = 5
		TrProtocol.Shared\TrProtocol.Shared.projitems*{f252ffd8-5de7-daa8-ba3d-341c543c73ee}*SharedItemsImports = 5
	EndGlobalSection
EndGlobal
